
Microsoft Visual Studio Solution File, Format Version 12.00
# Visual Studio Version 16
VisualStudioVersion = 16.0.29926.136
MinimumVisualStudioVersion = 10.0.40219.1
Project("{FAE04EC0-301F-11D3-BF4B-00C04F79EFBC}") = "WinContainer", "WinContainer\WinContainer.csproj", "{90B0CEC3-D464-4A36-9BEB-C6A1DB61A565}"
EndProject
Global
	GlobalSection(SolutionConfigurationPlatforms) = preSolution
		Debug|Any CPU = Debug|Any CPU
		Release|Any CPU = Release|Any CPU
	EndGlobalSection
	GlobalSection(ProjectConfigurationPlatforms) = postSolution
		{90B0CEC3-D464-4A36-9BEB-C6A1DB61A565}.Debug|Any CPU.ActiveCfg = Debug|Any CPU
		{90B0CEC3-D464-4A36-9BEB-C6A1DB61A565}.Debug|Any CPU.Build.0 = Debug|Any CPU
		{90B0CEC3-D464-4A36-9BEB-C6A1DB61A565}.Release|Any CPU.ActiveCfg = Release|Any CPU
		{90B0CEC3-D464-4A36-9BEB-C6A1DB61A565}.Release|Any CPU.Build.0 = Release|Any CPU
	EndGlobalSection
	GlobalSection(SolutionProperties) = preSolution
		HideSolutionNode = FALSE
	EndGlobalSection
	GlobalSection(ExtensibilityGlobals) = postSolution
		SolutionGuid = {1E9413A8-E379-446E-A9FF-8B2B4468AD5A}
	EndGlobalSection
EndGlobal
